// !$*UTF8*$!
{
	archiveVersion = 1;
	classes = {
	};
	objectVersion = 46;
	objects = {

/* Begin PBXBuildFile section */
		2788B8001BA05EFC0018C0E7 /* ORSSerialBuffer.m in Sources */ = {isa = PBXBuildFile; fileRef = 2788B7FF1BA05EFC0018C0E7 /* ORSSerialBuffer.m */; };
		9D52392E1AC859DF00AEB75F /* IOKit.framework in Frameworks */ = {isa = PBXBuildFile; fileRef = 9D52392D1AC859DF00AEB75F /* IOKit.framework */; };
		9D5239301AC859E700AEB75F /* Cocoa.framework in Frameworks */ = {isa = PBXBuildFile; fileRef = 9D52392F1AC859E700AEB75F /* Cocoa.framework */; };
		9D66D81D159BCAB800EE6D09 /* InfoPlist.strings in Resources */ = {isa = PBXBuildFile; fileRef = 9D66D81B159BCAB800EE6D09 /* InfoPlist.strings */; };
		9D66D81F159BCAB800EE6D09 /* main.m in Sources */ = {isa = PBXBuildFile; fileRef = 9D66D81E159BCAB800EE6D09 /* main.m */; };
		9D66D823159BCAB900EE6D09 /* Credits.rtf in Resources */ = {isa = PBXBuildFile; fileRef = 9D66D821159BCAB900EE6D09 /* Credits.rtf */; };
		9D66D826159BCAB900EE6D09 /* ORSAppDelegate.m in Sources */ = {isa = PBXBuildFile; fileRef = 9D66D825159BCAB900EE6D09 /* ORSAppDelegate.m */; };
		9D66D829159BCAB900EE6D09 /* MainMenu.xib in Resources */ = {isa = PBXBuildFile; fileRef = 9D66D827159BCAB900EE6D09 /* MainMenu.xib */; };
		9D66D838159BCC2F00EE6D09 /* ORSSerialPort.m in Sources */ = {isa = PBXBuildFile; fileRef = 9D66D835159BCC2F00EE6D09 /* ORSSerialPort.m */; };
		9D66D839159BCC2F00EE6D09 /* ORSSerialPortManager.m in Sources */ = {isa = PBXBuildFile; fileRef = 9D66D837159BCC2F00EE6D09 /* ORSSerialPortManager.m */; };
		9D66D83D159BCC6400EE6D09 /* ORSSerialPortDemoController.m in Sources */ = {isa = PBXBuildFile; fileRef = 9D66D83C159BCC6400EE6D09 /* ORSSerialPortDemoController.m */; };
/* End PBXBuildFile section */

/* Begin PBXCopyFilesBuildPhase section */
		9D3FF0EA1AB09AA100E9B6F9 /* Copy Frameworks */ = {
			isa = PBXCopyFilesBuildPhase;
			buildActionMask = 2147483647;
			dstPath = "";
			dstSubfolderSpec = 10;
			files = (
			);
			name = "Copy Frameworks";
			runOnlyForDeploymentPostprocessing = 0;
		};
/* End PBXCopyFilesBuildPhase section */

/* Begin PBXFileReference section */
		2788B7FE1BA05EFC0018C0E7 /* ORSSerialBuffer.h */ = {isa = PBXFileReference; fileEncoding = 4; lastKnownFileType = sourcecode.c.h; path = ORSSerialBuffer.h; sourceTree = "<group>"; };
		2788B7FF1BA05EFC0018C0E7 /* ORSSerialBuffer.m */ = {isa = PBXFileReference; fileEncoding = 4; lastKnownFileType = sourcecode.c.objc; path = ORSSerialBuffer.m; sourceTree = "<group>"; };
		9D52392D1AC859DF00AEB75F /* IOKit.framework */ = {isa = PBXFileReference; lastKnownFileType = wrapper.framework; name = IOKit.framework; path = System/Library/Frameworks/IOKit.framework; sourceTree = SDKROOT; };
		9D52392F1AC859E700AEB75F /* Cocoa.framework */ = {isa = PBXFileReference; lastKnownFileType = wrapper.framework; name = Cocoa.framework; path = System/Library/Frameworks/Cocoa.framework; sourceTree = SDKROOT; };
		9D66D80E159BCAB800EE6D09 /* ORSSerialPortDemo.app */ = {isa = PBXFileReference; explicitFileType = wrapper.application; includeInIndex = 0; path = ORSSerialPortDemo.app; sourceTree = BUILT_PRODUCTS_DIR; };
		9D66D81A159BCAB800EE6D09 /* ORSSerialPortDemo-Info.plist */ = {isa = PBXFileReference; lastKnownFileType = text.plist.xml; path = "ORSSerialPortDemo-Info.plist"; sourceTree = "<group>"; };
		9D66D81C159BCAB800EE6D09 /* en */ = {isa = PBXFileReference; lastKnownFileType = text.plist.strings; name = en; path = en.lproj/InfoPlist.strings; sourceTree = "<group>"; };
		9D66D81E159BCAB800EE6D09 /* main.m */ = {isa = PBXFileReference; lastKnownFileType = sourcecode.c.objc; path = main.m; sourceTree = "<group>"; };
		9D66D822159BCAB900EE6D09 /* en */ = {isa = PBXFileReference; lastKnownFileType = text.rtf; name = en; path = en.lproj/Credits.rtf; sourceTree = "<group>"; };
		9D66D824159BCAB900EE6D09 /* ORSAppDelegate.h */ = {isa = PBXFileReference; lastKnownFileType = sourcecode.c.h; path = ORSAppDelegate.h; sourceTree = "<group>"; };
		9D66D825159BCAB900EE6D09 /* ORSAppDelegate.m */ = {isa = PBXFileReference; lastKnownFileType = sourcecode.c.objc; path = ORSAppDelegate.m; sourceTree = "<group>"; };
		9D66D828159BCAB900EE6D09 /* en */ = {isa = PBXFileReference; lastKnownFileType = file.xib; name = en; path = en.lproj/MainMenu.xib; sourceTree = "<group>"; };
		9D66D834159BCC2F00EE6D09 /* ORSSerialPort.h */ = {isa = PBXFileReference; fileEncoding = 4; lastKnownFileType = sourcecode.c.h; path = ORSSerialPort.h; sourceTree = "<group>"; };
		9D66D835159BCC2F00EE6D09 /* ORSSerialPort.m */ = {isa = PBXFileReference; fileEncoding = 4; lastKnownFileType = sourcecode.c.objc; path = ORSSerialPort.m; sourceTree = "<group>"; };
		9D66D836159BCC2F00EE6D09 /* ORSSerialPortManager.h */ = {isa = PBXFileReference; fileEncoding = 4; lastKnownFileType = sourcecode.c.h; path = ORSSerialPortManager.h; sourceTree = "<group>"; };
		9D66D837159BCC2F00EE6D09 /* ORSSerialPortManager.m */ = {isa = PBXFileReference; fileEncoding = 4; lastKnownFileType = sourcecode.c.objc; path = ORSSerialPortManager.m; sourceTree = "<group>"; };
		9D66D83B159BCC6400EE6D09 /* ORSSerialPortDemoController.h */ = {isa = PBXFileReference; fileEncoding = 4; lastKnownFileType = sourcecode.c.h; path = ORSSerialPortDemoController.h; sourceTree = "<group>"; };
		9D66D83C159BCC6400EE6D09 /* ORSSerialPortDemoController.m */ = {isa = PBXFileReference; fileEncoding = 4; lastKnownFileType = sourcecode.c.objc; path = ORSSerialPortDemoController.m; sourceTree = "<group>"; };
/* End PBXFileReference section */

/* Begin PBXFrameworksBuildPhase section */
		9D5239281AC8596600AEB75F /* Frameworks */ = {
			isa = PBXFrameworksBuildPhase;
			buildActionMask = 2147483647;
			files = (
				9D5239301AC859E700AEB75F /* Cocoa.framework in Frameworks */,
				9D52392E1AC859DF00AEB75F /* IOKit.framework in Frameworks */,
			);
			runOnlyForDeploymentPostprocessing = 0;
		};
/* End PBXFrameworksBuildPhase section */

/* Begin PBXGroup section */
		9D6623AD159BD599004C9E42 /* Resources */ = {
			isa = PBXGroup;
			children = (
				9D66D827159BCAB900EE6D09 /* MainMenu.xib */,
				9D66D81A159BCAB800EE6D09 /* ORSSerialPortDemo-Info.plist */,
				9D66D81B159BCAB800EE6D09 /* InfoPlist.strings */,
				9D66D821159BCAB900EE6D09 /* Credits.rtf */,
			);
			path = Resources;
			sourceTree = "<group>";
		};
		9D66D803159BCAB800EE6D09 = {
			isa = PBXGroup;
			children = (
				9D66D818159BCAB800EE6D09 /* Sources */,
				9D66D833159BCC2F00EE6D09 /* ORSSerialPort */,
				9D6623AD159BD599004C9E42 /* Resources */,
				9D66D819159BCAB800EE6D09 /* Supporting Files */,
				9D66D811159BCAB800EE6D09 /* Frameworks */,
				9D66D80F159BCAB800EE6D09 /* Products */,
			);
			sourceTree = "<group>";
		};
		9D66D80F159BCAB800EE6D09 /* Products */ = {
			isa = PBXGroup;
			children = (
				9D66D80E159BCAB800EE6D09 /* ORSSerialPortDemo.app */,
			);
			name = Products;
			sourceTree = "<group>";
		};
		9D66D811159BCAB800EE6D09 /* Frameworks */ = {
			isa = PBXGroup;
			children = (
				9D52392F1AC859E700AEB75F /* Cocoa.framework */,
				9D52392D1AC859DF00AEB75F /* IOKit.framework */,
			);
			name = Frameworks;
			sourceTree = "<group>";
		};
		9D66D818159BCAB800EE6D09 /* Sources */ = {
			isa = PBXGroup;
			children = (
				9D66D824159BCAB900EE6D09 /* ORSAppDelegate.h */,
				9D66D825159BCAB900EE6D09 /* ORSAppDelegate.m */,
				9D66D83B159BCC6400EE6D09 /* ORSSerialPortDemoController.h */,
				9D66D83C159BCC6400EE6D09 /* ORSSerialPortDemoController.m */,
			);
			path = Sources;
			sourceTree = "<group>";
		};
		9D66D819159BCAB800EE6D09 /* Supporting Files */ = {
			isa = PBXGroup;
			children = (
				9D66D81E159BCAB800EE6D09 /* main.m */,
			);
			name = "Supporting Files";
			path = Sources;
			sourceTree = "<group>";
		};
		9D66D833159BCC2F00EE6D09 /* ORSSerialPort */ = {
			isa = PBXGroup;
			children = (
				9D66D834159BCC2F00EE6D09 /* ORSSerialPort.h */,
				9D66D835159BCC2F00EE6D09 /* ORSSerialPort.m */,
				9D66D836159BCC2F00EE6D09 /* ORSSerialPortManager.h */,
				9D66D837159BCC2F00EE6D09 /* ORSSerialPortManager.m */,
				2788B7FE1BA05EFC0018C0E7 /* ORSSerialBuffer.h */,
				2788B7FF1BA05EFC0018C0E7 /* ORSSerialBuffer.m */,
			);
			name = ORSSerialPort;
			path = ../../../Source;
			sourceTree = "<group>";
		};
/* End PBXGroup section */

/* Begin PBXNativeTarget section */
		9D66D80D159BCAB800EE6D09 /* ORSSerialPortDemo */ = {
			isa = PBXNativeTarget;
			buildConfigurationList = 9D66D82C159BCAB900EE6D09 /* Build configuration list for PBXNativeTarget "ORSSerialPortDemo" */;
			buildPhases = (
				9D66D80A159BCAB800EE6D09 /* Sources */,
				9D5239281AC8596600AEB75F /* Frameworks */,
				9D66D80C159BCAB800EE6D09 /* Resources */,
				9D3FF0EA1AB09AA100E9B6F9 /* Copy Frameworks */,
			);
			buildRules = (
			);
			dependencies = (
			);
			name = ORSSerialPortDemo;
			productName = ORSSerialPortDemo;
			productReference = 9D66D80E159BCAB800EE6D09 /* ORSSerialPortDemo.app */;
			productType = "com.apple.product-type.application";
		};
/* End PBXNativeTarget section */

/* Begin PBXProject section */
		9D66D805159BCAB800EE6D09 /* Project object */ = {
			isa = PBXProject;
			attributes = {
				CLASSPREFIX = ORS;
				LastUpgradeCheck = 0920;
				ORGANIZATIONNAME = "Open Reel Software";
			};
			buildConfigurationList = 9D66D808159BCAB800EE6D09 /* Build configuration list for PBXProject "ORSSerialPortDemo" */;
			compatibilityVersion = "Xcode 3.2";
			developmentRegion = English;
			hasScannedForEncodings = 0;
			knownRegions = (
				en,
			);
			mainGroup = 9D66D803159BCAB800EE6D09;
			productRefGroup = 9D66D80F159BCAB800EE6D09 /* Products */;
			projectDirPath = "";
			projectRoot = "";
			targets = (
				9D66D80D159BCAB800EE6D09 /* ORSSerialPortDemo */,
			);
		};
/* End PBXProject section */

/* Begin PBXResourcesBuildPhase section */
		9D66D80C159BCAB800EE6D09 /* Resources */ = {
			isa = PBXResourcesBuildPhase;
			buildActionMask = 2147483647;
			files = (
				9D66D81D159BCAB800EE6D09 /* InfoPlist.strings in Resources */,
				9D66D823159BCAB900EE6D09 /* Credits.rtf in Resources */,
				9D66D829159BCAB900EE6D09 /* MainMenu.xib in Resources */,
			);
			runOnlyForDeploymentPostprocessing = 0;
		};
/* End PBXResourcesBuildPhase section */

/* Begin PBXSourcesBuildPhase section */
		9D66D80A159BCAB800EE6D09 /* Sources */ = {
			isa = PBXSourcesBuildPhase;
			buildActionMask = 2147483647;
			files = (
				9D66D81F159BCAB800EE6D09 /* main.m in Sources */,
				9D66D826159BCAB900EE6D09 /* ORSAppDelegate.m in Sources */,
				2788B8001BA05EFC0018C0E7 /* ORSSerialBuffer.m in Sources */,
				9D66D838159BCC2F00EE6D09 /* ORSSerialPort.m in Sources */,
				9D66D839159BCC2F00EE6D09 /* ORSSerialPortManager.m in Sources */,
				9D66D83D159BCC6400EE6D09 /* ORSSerialPortDemoController.m in Sources */,
			);
			runOnlyForDeploymentPostprocessing = 0;
		};
/* End PBXSourcesBuildPhase section */

/* Begin PBXVariantGroup section */
		9D66D81B159BCAB800EE6D09 /* InfoPlist.strings */ = {
			isa = PBXVariantGroup;
			children = (
				9D66D81C159BCAB800EE6D09 /* en */,
			);
			name = InfoPlist.strings;
			sourceTree = "<group>";
		};
		9D66D821159BCAB900EE6D09 /* Credits.rtf */ = {
			isa = PBXVariantGroup;
			children = (
				9D66D822159BCAB900EE6D09 /* en */,
			);
			name = Credits.rtf;
			sourceTree = "<group>";
		};
		9D66D827159BCAB900EE6D09 /* MainMenu.xib */ = {
			isa = PBXVariantGroup;
			children = (
				9D66D828159BCAB900EE6D09 /* en */,
			);
			name = MainMenu.xib;
			sourceTree = "<group>";
		};
/* End PBXVariantGroup section */

/* Begin XCBuildConfiguration section */
		9D66D82A159BCAB900EE6D09 /* Debug */ = {
			isa = XCBuildConfiguration;
			buildSettings = {
				ALWAYS_SEARCH_USER_PATHS = NO;
				CLANG_ENABLE_MODULES = YES;
				CLANG_WARN_BLOCK_CAPTURE_AUTORELEASING = YES;
				CLANG_WARN_BOOL_CONVERSION = YES;
				CLANG_WARN_COMMA = YES;
				CLANG_WARN_CONSTANT_CONVERSION = YES;
				CLANG_WARN_EMPTY_BODY = YES;
				CLANG_WARN_ENUM_CONVERSION = YES;
				CLANG_WARN_INFINITE_RECURSION = YES;
				CLANG_WARN_INT_CONVERSION = YES;
				CLANG_WARN_NON_LITERAL_NULL_CONVERSION = YES;
				CLANG_WARN_OBJC_LITERAL_CONVERSION = YES;
				CLANG_WARN_RANGE_LOOP_ANALYSIS = YES;
				CLANG_WARN_STRICT_PROTOTYPES = YES;
				CLANG_WARN_SUSPICIOUS_MOVE = YES;
				CLANG_WARN_UNREACHABLE_CODE = YES;
				CLANG_WARN__DUPLICATE_METHOD_MATCH = YES;
				COPY_PHASE_STRIP = NO;
				ENABLE_STRICT_OBJC_MSGSEND = YES;
				ENABLE_TESTABILITY = YES;
				GCC_C_LANGUAGE_STANDARD = gnu99;
				GCC_DYNAMIC_NO_PIC = NO;
				GCC_ENABLE_OBJC_EXCEPTIONS = YES;
				GCC_NO_COMMON_BLOCKS = YES;
				GCC_OPTIMIZATION_LEVEL = 0;
				GCC_PREPROCESSOR_DEFINITIONS = (
					"DEBUG=1",
					"$(inherited)",
				);
				GCC_SYMBOLS_PRIVATE_EXTERN = NO;
				GCC_VERSION = "";
				GCC_WARN_64_TO_32_BIT_CONVERSION = YES;
				GCC_WARN_ABOUT_RETURN_TYPE = YES;
				GCC_WARN_UNDECLARED_SELECTOR = YES;
				GCC_WARN_UNINITIALIZED_AUTOS = YES;
				GCC_WARN_UNUSED_FUNCTION = YES;
				GCC_WARN_UNUSED_VARIABLE = YES;
				MACOSX_DEPLOYMENT_TARGET = 10.8;
				ONLY_ACTIVE_ARCH = YES;
				SDKROOT = macosx;
				VALID_ARCHS = x86_64;
			};
			name = Debug;
		};
		9D66D82B159BCAB900EE6D09 /* Release */ = {
			isa = XCBuildConfiguration;
			buildSettings = {
				ALWAYS_SEARCH_USER_PATHS = NO;
				CLANG_ENABLE_MODULES = YES;
				CLANG_WARN_BLOCK_CAPTURE_AUTORELEASING = YES;
				CLANG_WARN_BOOL_CONVERSION = YES;
				CLANG_WARN_COMMA = YES;
				CLANG_WARN_CONSTANT_CONVERSION = YES;
				CLANG_WARN_EMPTY_BODY = YES;
				CLANG_WARN_ENUM_CONVERSION = YES;
				CLANG_WARN_INFINITE_RECURSION = YES;
				CLANG_WARN_INT_CONVERSION = YES;
				CLANG_WARN_NON_LITERAL_NULL_CONVERSION = YES;
				CLANG_WARN_OBJC_LITERAL_CONVERSION = YES;
				CLANG_WARN_RANGE_LOOP_ANALYSIS = YES;
				CLANG_WARN_STRICT_PROTOTYPES = YES;
				CLANG_WARN_SUSPICIOUS_MOVE = YES;
				CLANG_WARN_UNREACHABLE_CODE = YES;
				CLANG_WARN__DUPLICATE_METHOD_MATCH = YES;
				COPY_PHASE_STRIP = YES;
				DEBUG_INFORMATION_FORMAT = "dwarf-with-dsym";
				ENABLE_STRICT_OBJC_MSGSEND = YES;
				GCC_C_LANGUAGE_STANDARD = gnu99;
				GCC_ENABLE_OBJC_EXCEPTIONS = YES;
				GCC_NO_COMMON_BLOCKS = YES;
				GCC_VERSION = "";
				GCC_WARN_64_TO_32_BIT_CONVERSION = YES;
				GCC_WARN_ABOUT_RETURN_TYPE = YES;
				GCC_WARN_UNDECLARED_SELECTOR = YES;
				GCC_WARN_UNINITIALIZED_AUTOS = YES;
				GCC_WARN_UNUSED_FUNCTION = YES;
				GCC_WARN_UNUSED_VARIABLE = YES;
				MACOSX_DEPLOYMENT_TARGET = 10.8;
				SDKROOT = macosx;
				VALID_ARCHS = x86_64;
			};
			name = Release;
		};
		9D66D82D159BCAB900EE6D09 /* Debug */ = {
			isa = XCBuildConfiguration;
			buildSettings = {
				CLANG_ENABLE_OBJC_ARC = YES;
				COMBINE_HIDPI_IMAGES = YES;
				GCC_PRECOMPILE_PREFIX_HEADER = NO;
				INFOPLIST_FILE = "Resources/ORSSerialPortDemo-Info.plist";
				PRODUCT_BUNDLE_IDENTIFIER = "com.openreelsoftware.${PRODUCT_NAME:rfc1034identifier}";
				PRODUCT_NAME = ORSSerialPortDemo;
				WRAPPER_EXTENSION = app;
			};
			name = Debug;
		};
		9D66D82E159BCAB900EE6D09 /* Release */ = {
			isa = XCBuildConfiguration;
			buildSettings = {
				CLANG_ENABLE_OBJC_ARC = YES;
				COMBINE_HIDPI_IMAGES = YES;
				GCC_PRECOMPILE_PREFIX_HEADER = NO;
				INFOPLIST_FILE = "Resources/ORSSerialPortDemo-Info.plist";
				PRODUCT_BUNDLE_IDENTIFIER = "com.openreelsoftware.${PRODUCT_NAME:rfc1034identifier}";
				PRODUCT_NAME = ORSSerialPortDemo;
				WRAPPER_EXTENSION = app;
			};
			name = Release;
		};
/* End XCBuildConfiguration section */

/* Begin XCConfigurationList section */
		9D66D808159BCAB800EE6D09 /* Build configuration list for PBXProject "ORSSerialPortDemo" */ = {
			isa = XCConfigurationList;
			buildConfigurations = (
				9D66D82A159BCAB900EE6D09 /* Debug */,
				9D66D82B159BCAB900EE6D09 /* Release */,
			);
			defaultConfigurationIsVisible = 0;
			defaultConfigurationName = Release;
		};
		9D66D82C159BCAB900EE6D09 /* Build configuration list for PBXNativeTarget "ORSSerialPortDemo" */ = {
			isa = XCConfigurationList;
			buildConfigurations = (
				9D66D82D159BCAB900EE6D09 /* Debug */,
				9D66D82E159BCAB900EE6D09 /* Release */,
			);
			defaultConfigurationIsVisible = 0;
			defaultConfigurationName = Release;
		};
/* End XCConfigurationList section */
	};
	rootObject = 9D66D805159BCAB800EE6D09 /* Project object */;
}
