// !$*UTF8*$!
{
	archiveVersion = 1;
	classes = {
	};
	objectVersion = 46;
	objects = {

/* Begin PBXBuildFile section */
		9D0F6B231AB4B6EC006BF3F0 /* Main.storyboard in Resources */ = {isa = PBXBuildFile; fileRef = 9D0F6B221AB4B6EC006BF3F0 /* Main.storyboard */; };
		9D0F6B261AB4B77A006BF3F0 /* ORSMainWindowController.m in Sources */ = {isa = PBXBuildFile; fileRef = 9D0F6B251AB4B77A006BF3F0 /* ORSMainWindowController.m */; };
		9D0F6B291AB4B7DB006BF3F0 /* ORSSerialBoardController.m in Sources */ = {isa = PBXBuildFile; fileRef = 9D0F6B281AB4B7DB006BF3F0 /* ORSSerialBoardController.m */; };
		9D0F6B2C1AB4C388006BF3F0 /* ORSMainViewController.m in Sources */ = {isa = PBXBuildFile; fileRef = 9D0F6B2B1AB4C388006BF3F0 /* ORSMainViewController.m */; };
		9D0F6B2F1AB4C5E2006BF3F0 /* ORSTemperaturePlotView.m in Sources */ = {isa = PBXBuildFile; fileRef = 9D0F6B2E1AB4C5E2006BF3F0 /* ORSTemperaturePlotView.m */; };
		9DCDDBC01AB48F8A00F8347E /* Images.xcassets in Resources */ = {isa = PBXBuildFile; fileRef = 9DCDDBB91AB48F8A00F8347E /* Images.xcassets */; };
		9DCDDBC21AB48F8A00F8347E /* ORSAppDelegate.m in Sources */ = {isa = PBXBuildFile; fileRef = 9DCDDBBD1AB48F8A00F8347E /* ORSAppDelegate.m */; };
		9DCDDBC31AB48F8A00F8347E /* main.m in Sources */ = {isa = PBXBuildFile; fileRef = 9DCDDBBE1AB48F8A00F8347E /* main.m */; };
		9DCDDBCC1AB4906A00F8347E /* ORSSerial.framework in Frameworks */ = {isa = PBXBuildFile; fileRef = 9DCDDBCB1AB4906100F8347E /* ORSSerial.framework */; };
		9DCDDBCE1AB4907A00F8347E /* ORSSerial.framework in Copy Frameworks */ = {isa = PBXBuildFile; fileRef = 9DCDDBCB1AB4906100F8347E /* ORSSerial.framework */; settings = {ATTRIBUTES = (CodeSignOnCopy, RemoveHeadersOnCopy, ); }; };
/* End PBXBuildFile section */

/* Begin PBXContainerItemProxy section */
		9D2339401DFF30300073D67E /* PBXContainerItemProxy */ = {
			isa = PBXContainerItemProxy;
			containerPortal = 9DCDDBC61AB4906100F8347E /* ORSSerialPort.xcodeproj */;
			proxyType = 2;
			remoteGlobalIDString = 9D7472131B6D7767002D8B10;
			remoteInfo = "ORSSerialPort Tests";
		};
		9DCDDBCA1AB4906100F8347E /* PBXContainerItemProxy */ = {
			isa = PBXContainerItemProxy;
			containerPortal = 9DCDDBC61AB4906100F8347E /* ORSSerialPort.xcodeproj */;
			proxyType = 2;
			remoteGlobalIDString = 9DCA89121A2BB106009285EB;
			remoteInfo = ORSSerial;
		};
/* End PBXContainerItemProxy section */

/* Begin PBXCopyFilesBuildPhase section */
		9DCDDBCD1AB4906E00F8347E /* Copy Frameworks */ = {
			isa = PBXCopyFilesBuildPhase;
			buildActionMask = 2147483647;
			dstPath = "";
			dstSubfolderSpec = 10;
			files = (
				9DCDDBCE1AB4907A00F8347E /* ORSSerial.framework in Copy Frameworks */,
			);
			name = "Copy Frameworks";
			runOnlyForDeploymentPostprocessing = 0;
		};
/* End PBXCopyFilesBuildPhase section */

/* Begin PBXFileReference section */
		9D0F6B221AB4B6EC006BF3F0 /* Main.storyboard */ = {isa = PBXFileReference; fileEncoding = 4; lastKnownFileType = file.storyboard; path = Main.storyboard; sourceTree = "<group>"; };
		9D0F6B241AB4B77A006BF3F0 /* ORSMainWindowController.h */ = {isa = PBXFileReference; fileEncoding = 4; lastKnownFileType = sourcecode.c.h; path = ORSMainWindowController.h; sourceTree = "<group>"; };
		9D0F6B251AB4B77A006BF3F0 /* ORSMainWindowController.m */ = {isa = PBXFileReference; fileEncoding = 4; lastKnownFileType = sourcecode.c.objc; path = ORSMainWindowController.m; sourceTree = "<group>"; };
		9D0F6B271AB4B7DB006BF3F0 /* ORSSerialBoardController.h */ = {isa = PBXFileReference; fileEncoding = 4; lastKnownFileType = sourcecode.c.h; path = ORSSerialBoardController.h; sourceTree = "<group>"; };
		9D0F6B281AB4B7DB006BF3F0 /* ORSSerialBoardController.m */ = {isa = PBXFileReference; fileEncoding = 4; lastKnownFileType = sourcecode.c.objc; path = ORSSerialBoardController.m; sourceTree = "<group>"; };
		9D0F6B2A1AB4C388006BF3F0 /* ORSMainViewController.h */ = {isa = PBXFileReference; fileEncoding = 4; lastKnownFileType = sourcecode.c.h; path = ORSMainViewController.h; sourceTree = "<group>"; };
		9D0F6B2B1AB4C388006BF3F0 /* ORSMainViewController.m */ = {isa = PBXFileReference; fileEncoding = 4; lastKnownFileType = sourcecode.c.objc; path = ORSMainViewController.m; sourceTree = "<group>"; };
		9D0F6B2D1AB4C5E2006BF3F0 /* ORSTemperaturePlotView.h */ = {isa = PBXFileReference; fileEncoding = 4; lastKnownFileType = sourcecode.c.h; path = ORSTemperaturePlotView.h; sourceTree = "<group>"; };
		9D0F6B2E1AB4C5E2006BF3F0 /* ORSTemperaturePlotView.m */ = {isa = PBXFileReference; fileEncoding = 4; lastKnownFileType = sourcecode.c.objc; path = ORSTemperaturePlotView.m; sourceTree = "<group>"; };
		9DCDDB931AB48F5300F8347E /* RequestResponseDemo.app */ = {isa = PBXFileReference; explicitFileType = wrapper.application; includeInIndex = 0; path = RequestResponseDemo.app; sourceTree = BUILT_PRODUCTS_DIR; };
		9DCDDBB91AB48F8A00F8347E /* Images.xcassets */ = {isa = PBXFileReference; lastKnownFileType = folder.assetcatalog; path = Images.xcassets; sourceTree = "<group>"; };
		9DCDDBBA1AB48F8A00F8347E /* Info.plist */ = {isa = PBXFileReference; fileEncoding = 4; lastKnownFileType = text.plist.xml; path = Info.plist; sourceTree = "<group>"; };
		9DCDDBBC1AB48F8A00F8347E /* ORSAppDelegate.h */ = {isa = PBXFileReference; fileEncoding = 4; lastKnownFileType = sourcecode.c.h; path = ORSAppDelegate.h; sourceTree = "<group>"; };
		9DCDDBBD1AB48F8A00F8347E /* ORSAppDelegate.m */ = {isa = PBXFileReference; fileEncoding = 4; lastKnownFileType = sourcecode.c.objc; path = ORSAppDelegate.m; sourceTree = "<group>"; };
		9DCDDBBE1AB48F8A00F8347E /* main.m */ = {isa = PBXFileReference; fileEncoding = 4; lastKnownFileType = sourcecode.c.objc; path = main.m; sourceTree = "<group>"; };
		9DCDDBC61AB4906100F8347E /* ORSSerialPort.xcodeproj */ = {isa = PBXFileReference; lastKnownFileType = "wrapper.pb-project"; name = ORSSerialPort.xcodeproj; path = "../../../Framework Project/ORSSerialPort.xcodeproj"; sourceTree = "<group>"; };
/* End PBXFileReference section */

/* Begin PBXFrameworksBuildPhase section */
		9DCDDB901AB48F5300F8347E /* Frameworks */ = {
			isa = PBXFrameworksBuildPhase;
			buildActionMask = 2147483647;
			files = (
				9DCDDBCC1AB4906A00F8347E /* ORSSerial.framework in Frameworks */,
			);
			runOnlyForDeploymentPostprocessing = 0;
		};
/* End PBXFrameworksBuildPhase section */

/* Begin PBXGroup section */
		9DCDDB8A1AB48F5300F8347E = {
			isa = PBXGroup;
			children = (
				9DCDDBBB1AB48F8A00F8347E /* Sources */,
				9DCDDBB61AB48F8A00F8347E /* Resources */,
				9DCDDBC51AB4905800F8347E /* Frameworks */,
				9DCDDB941AB48F5300F8347E /* Products */,
			);
			sourceTree = "<group>";
		};
		9DCDDB941AB48F5300F8347E /* Products */ = {
			isa = PBXGroup;
			children = (
				9DCDDB931AB48F5300F8347E /* RequestResponseDemo.app */,
			);
			name = Products;
			sourceTree = "<group>";
		};
		9DCDDBB61AB48F8A00F8347E /* Resources */ = {
			isa = PBXGroup;
			children = (
				9D0F6B221AB4B6EC006BF3F0 /* Main.storyboard */,
				9DCDDBB91AB48F8A00F8347E /* Images.xcassets */,
				9DCDDBBA1AB48F8A00F8347E /* Info.plist */,
			);
			path = Resources;
			sourceTree = "<group>";
		};
		9DCDDBBB1AB48F8A00F8347E /* Sources */ = {
			isa = PBXGroup;
			children = (
				9DCDDBBC1AB48F8A00F8347E /* ORSAppDelegate.h */,
				9DCDDBBD1AB48F8A00F8347E /* ORSAppDelegate.m */,
				9D0F6B241AB4B77A006BF3F0 /* ORSMainWindowController.h */,
				9D0F6B251AB4B77A006BF3F0 /* ORSMainWindowController.m */,
				9D0F6B2A1AB4C388006BF3F0 /* ORSMainViewController.h */,
				9D0F6B2B1AB4C388006BF3F0 /* ORSMainViewController.m */,
				9D0F6B2D1AB4C5E2006BF3F0 /* ORSTemperaturePlotView.h */,
				9D0F6B2E1AB4C5E2006BF3F0 /* ORSTemperaturePlotView.m */,
				9D0F6B271AB4B7DB006BF3F0 /* ORSSerialBoardController.h */,
				9D0F6B281AB4B7DB006BF3F0 /* ORSSerialBoardController.m */,
				9DCDDBC41AB48F9500F8347E /* Supporting Files */,
			);
			path = Sources;
			sourceTree = "<group>";
		};
		9DCDDBC41AB48F9500F8347E /* Supporting Files */ = {
			isa = PBXGroup;
			children = (
				9DCDDBBE1AB48F8A00F8347E /* main.m */,
			);
			name = "Supporting Files";
			sourceTree = "<group>";
		};
		9DCDDBC51AB4905800F8347E /* Frameworks */ = {
			isa = PBXGroup;
			children = (
				9DCDDBC61AB4906100F8347E /* ORSSerialPort.xcodeproj */,
			);
			name = Frameworks;
			sourceTree = "<group>";
		};
		9DCDDBC71AB4906100F8347E /* Products */ = {
			isa = PBXGroup;
			children = (
				9DCDDBCB1AB4906100F8347E /* ORSSerial.framework */,
				9D2339411DFF30300073D67E /* ORSSerialPort Tests.xctest */,
			);
			name = Products;
			sourceTree = "<group>";
		};
/* End PBXGroup section */

/* Begin PBXNativeTarget section */
		9DCDDB921AB48F5300F8347E /* RequestResponseDemo */ = {
			isa = PBXNativeTarget;
			buildConfigurationList = 9DCDDBB01AB48F5300F8347E /* Build configuration list for PBXNativeTarget "RequestResponseDemo" */;
			buildPhases = (
				9DCDDB8F1AB48F5300F8347E /* Sources */,
				9DCDDB901AB48F5300F8347E /* Frameworks */,
				9DCDDB911AB48F5300F8347E /* Resources */,
				9DCDDBCD1AB4906E00F8347E /* Copy Frameworks */,
			);
			buildRules = (
			);
			dependencies = (
			);
			name = RequestResponseDemo;
			productName = RequestResponseDemo;
			productReference = 9DCDDB931AB48F5300F8347E /* RequestResponseDemo.app */;
			productType = "com.apple.product-type.application";
		};
/* End PBXNativeTarget section */

/* Begin PBXProject section */
		9DCDDB8B1AB48F5300F8347E /* Project object */ = {
			isa = PBXProject;
			attributes = {
				CLASSPREFIX = ORS;
				LastUpgradeCheck = 0810;
				ORGANIZATIONNAME = "Open Reel Software";
				TargetAttributes = {
					9DCDDB921AB48F5300F8347E = {
						CreatedOnToolsVersion = 6.1.1;
					};
				};
			};
			buildConfigurationList = 9DCDDB8E1AB48F5300F8347E /* Build configuration list for PBXProject "RequestResponseDemo" */;
			compatibilityVersion = "Xcode 3.2";
			developmentRegion = English;
			hasScannedForEncodings = 0;
			knownRegions = (
				en,
				Base,
			);
			mainGroup = 9DCDDB8A1AB48F5300F8347E;
			productRefGroup = 9DCDDB941AB48F5300F8347E /* Products */;
			projectDirPath = "";
			projectReferences = (
				{
					ProductGroup = 9DCDDBC71AB4906100F8347E /* Products */;
					ProjectRef = 9DCDDBC61AB4906100F8347E /* ORSSerialPort.xcodeproj */;
				},
			);
			projectRoot = "";
			targets = (
				9DCDDB921AB48F5300F8347E /* RequestResponseDemo */,
			);
		};
/* End PBXProject section */

/* Begin PBXReferenceProxy section */
		9D2339411DFF30300073D67E /* ORSSerialPort Tests.xctest */ = {
			isa = PBXReferenceProxy;
			fileType = wrapper.cfbundle;
			path = "ORSSerialPort Tests.xctest";
			remoteRef = 9D2339401DFF30300073D67E /* PBXContainerItemProxy */;
			sourceTree = BUILT_PRODUCTS_DIR;
		};
		9DCDDBCB1AB4906100F8347E /* ORSSerial.framework */ = {
			isa = PBXReferenceProxy;
			fileType = wrapper.framework;
			path = ORSSerial.framework;
			remoteRef = 9DCDDBCA1AB4906100F8347E /* PBXContainerItemProxy */;
			sourceTree = BUILT_PRODUCTS_DIR;
		};
/* End PBXReferenceProxy section */

/* Begin PBXResourcesBuildPhase section */
		9DCDDB911AB48F5300F8347E /* Resources */ = {
			isa = PBXResourcesBuildPhase;
			buildActionMask = 2147483647;
			files = (
				9DCDDBC01AB48F8A00F8347E /* Images.xcassets in Resources */,
				9D0F6B231AB4B6EC006BF3F0 /* Main.storyboard in Resources */,
			);
			runOnlyForDeploymentPostprocessing = 0;
		};
/* End PBXResourcesBuildPhase section */

/* Begin PBXSourcesBuildPhase section */
		9DCDDB8F1AB48F5300F8347E /* Sources */ = {
			isa = PBXSourcesBuildPhase;
			buildActionMask = 2147483647;
			files = (
				9DCDDBC31AB48F8A00F8347E /* main.m in Sources */,
				9D0F6B2F1AB4C5E2006BF3F0 /* ORSTemperaturePlotView.m in Sources */,
				9D0F6B2C1AB4C388006BF3F0 /* ORSMainViewController.m in Sources */,
				9D0F6B291AB4B7DB006BF3F0 /* ORSSerialBoardController.m in Sources */,
				9D0F6B261AB4B77A006BF3F0 /* ORSMainWindowController.m in Sources */,
				9DCDDBC21AB48F8A00F8347E /* ORSAppDelegate.m in Sources */,
			);
			runOnlyForDeploymentPostprocessing = 0;
		};
/* End PBXSourcesBuildPhase section */

/* Begin XCBuildConfiguration section */
		9DCDDBAE1AB48F5300F8347E /* Debug */ = {
			isa = XCBuildConfiguration;
			buildSettings = {
				ALWAYS_SEARCH_USER_PATHS = NO;
				CLANG_CXX_LANGUAGE_STANDARD = "gnu++0x";
				CLANG_CXX_LIBRARY = "libc++";
				CLANG_ENABLE_MODULES = YES;
				CLANG_ENABLE_OBJC_ARC = YES;
				CLANG_WARN_BOOL_CONVERSION = YES;
				CLANG_WARN_CONSTANT_CONVERSION = YES;
				CLANG_WARN_DIRECT_OBJC_ISA_USAGE = YES_ERROR;
				CLANG_WARN_EMPTY_BODY = YES;
				CLANG_WARN_ENUM_CONVERSION = YES;
				CLANG_WARN_INFINITE_RECURSION = YES;
				CLANG_WARN_INT_CONVERSION = YES;
				CLANG_WARN_OBJC_ROOT_CLASS = YES_ERROR;
				CLANG_WARN_SUSPICIOUS_MOVE = YES;
				CLANG_WARN_UNREACHABLE_CODE = YES;
				CLANG_WARN__DUPLICATE_METHOD_MATCH = YES;
				CODE_SIGN_IDENTITY = "-";
				COPY_PHASE_STRIP = NO;
				ENABLE_STRICT_OBJC_MSGSEND = YES;
				ENABLE_TESTABILITY = YES;
				GCC_C_LANGUAGE_STANDARD = gnu99;
				GCC_DYNAMIC_NO_PIC = NO;
				GCC_NO_COMMON_BLOCKS = YES;
				GCC_OPTIMIZATION_LEVEL = 0;
				GCC_PREPROCESSOR_DEFINITIONS = (
					"DEBUG=1",
					"$(inherited)",
				);
				GCC_SYMBOLS_PRIVATE_EXTERN = NO;
				GCC_WARN_64_TO_32_BIT_CONVERSION = YES;
				GCC_WARN_ABOUT_RETURN_TYPE = YES_ERROR;
				GCC_WARN_UNDECLARED_SELECTOR = YES;
				GCC_WARN_UNINITIALIZED_AUTOS = YES_AGGRESSIVE;
				GCC_WARN_UNUSED_FUNCTION = YES;
				GCC_WARN_UNUSED_VARIABLE = YES;
				MACOSX_DEPLOYMENT_TARGET = 10.8;
				MTL_ENABLE_DEBUG_INFO = YES;
				ONLY_ACTIVE_ARCH = YES;
				SDKROOT = macosx;
			};
			name = Debug;
		};
		9DCDDBAF1AB48F5300F8347E /* Release */ = {
			isa = XCBuildConfiguration;
			buildSettings = {
				ALWAYS_SEARCH_USER_PATHS = NO;
				CLANG_CXX_LANGUAGE_STANDARD = "gnu++0x";
				CLANG_CXX_LIBRARY = "libc++";
				CLANG_ENABLE_MODULES = YES;
				CLANG_ENABLE_OBJC_ARC = YES;
				CLANG_WARN_BOOL_CONVERSION = YES;
				CLANG_WARN_CONSTANT_CONVERSION = YES;
				CLANG_WARN_DIRECT_OBJC_ISA_USAGE = YES_ERROR;
				CLANG_WARN_EMPTY_BODY = YES;
				CLANG_WARN_ENUM_CONVERSION = YES;
				CLANG_WARN_INFINITE_RECURSION = YES;
				CLANG_WARN_INT_CONVERSION = YES;
				CLANG_WARN_OBJC_ROOT_CLASS = YES_ERROR;
				CLANG_WARN_SUSPICIOUS_MOVE = YES;
				CLANG_WARN_UNREACHABLE_CODE = YES;
				CLANG_WARN__DUPLICATE_METHOD_MATCH = YES;
				CODE_SIGN_IDENTITY = "-";
				COPY_PHASE_STRIP = YES;
				DEBUG_INFORMATION_FORMAT = "dwarf-with-dsym";
				ENABLE_NS_ASSERTIONS = NO;
				ENABLE_STRICT_OBJC_MSGSEND = YES;
				GCC_C_LANGUAGE_STANDARD = gnu99;
				GCC_NO_COMMON_BLOCKS = YES;
				GCC_WARN_64_TO_32_BIT_CONVERSION = YES;
				GCC_WARN_ABOUT_RETURN_TYPE = YES_ERROR;
				GCC_WARN_UNDECLARED_SELECTOR = YES;
				GCC_WARN_UNINITIALIZED_AUTOS = YES_AGGRESSIVE;
				GCC_WARN_UNUSED_FUNCTION = YES;
				GCC_WARN_UNUSED_VARIABLE = YES;
				MACOSX_DEPLOYMENT_TARGET = 10.8;
				MTL_ENABLE_DEBUG_INFO = NO;
				SDKROOT = macosx;
			};
			name = Release;
		};
		9DCDDBB11AB48F5300F8347E /* Debug */ = {
			isa = XCBuildConfiguration;
			buildSettings = {
				ASSETCATALOG_COMPILER_APPICON_NAME = AppIcon;
				COMBINE_HIDPI_IMAGES = YES;
				INFOPLIST_FILE = "$(SRCROOT)/Resources/Info.plist";
				LD_RUNPATH_SEARCH_PATHS = "$(inherited) @executable_path/../Frameworks";
				PRODUCT_BUNDLE_IDENTIFIER = "com.openreelsoftware.$(PRODUCT_NAME:rfc1034identifier)";
				PRODUCT_NAME = "$(TARGET_NAME)";
			};
			name = Debug;
		};
		9DCDDBB21AB48F5300F8347E /* Release */ = {
			isa = XCBuildConfiguration;
			buildSettings = {
				ASSETCATALOG_COMPILER_APPICON_NAME = AppIcon;
				COMBINE_HIDPI_IMAGES = YES;
				INFOPLIST_FILE = "$(SRCROOT)/Resources/Info.plist";
				LD_RUNPATH_SEARCH_PATHS = "$(inherited) @executable_path/../Frameworks";
				PRODUCT_BUNDLE_IDENTIFIER = "com.openreelsoftware.$(PRODUCT_NAME:rfc1034identifier)";
				PRODUCT_NAME = "$(TARGET_NAME)";
			};
			name = Release;
		};
/* End XCBuildConfiguration section */

/* Begin XCConfigurationList section */
		9DCDDB8E1AB48F5300F8347E /* Build configuration list for PBXProject "RequestResponseDemo" */ = {
			isa = XCConfigurationList;
			buildConfigurations = (
				9DCDDBAE1AB48F5300F8347E /* Debug */,
				9DCDDBAF1AB48F5300F8347E /* Release */,
			);
			defaultConfigurationIsVisible = 0;
			defaultConfigurationName = Release;
		};
		9DCDDBB01AB48F5300F8347E /* Build configuration list for PBXNativeTarget "RequestResponseDemo" */ = {
			isa = XCConfigurationList;
			buildConfigurations = (
				9DCDDBB11AB48F5300F8347E /* Debug */,
				9DCDDBB21AB48F5300F8347E /* Release */,
			);
			defaultConfigurationIsVisible = 0;
			defaultConfigurationName = Release;
		};
/* End XCConfigurationList section */
	};
	rootObject = 9DCDDB8B1AB48F5300F8347E /* Project object */;
}
