// !$*UTF8*$!
{
	archiveVersion = 1;
	classes = {
	};
	objectVersion = 46;
	objects = {

/* Begin PBXBuildFile section */
		9D2B58071ADC16B500B08D53 /* main.swift in Sources */ = {isa = PBXBuildFile; fileRef = 9D2B58061ADC16B500B08D53 /* main.swift */; };
		9D5BD5C81C348CF400EAB58B /* InternalSerialPort.swift in Sources */ = {isa = PBXBuildFile; fileRef = 9D5BD5BE1C348CF400EAB58B /* InternalSerialPort.swift */; };
		9D5BD5C91C348CF400EAB58B /* MacPlatformSupport.swift in Sources */ = {isa = PBXBuildFile; fileRef = 9D5BD5BF1C348CF400EAB58B /* MacPlatformSupport.swift */; };
		9D5BD5CA1C348CF400EAB58B /* ORSIOKitWrappers.c in Sources */ = {isa = PBXBuildFile; fileRef = 9D5BD5C01C348CF400EAB58B /* ORSIOKitWrappers.c */; };
		9D5BD5CB1C348CF400EAB58B /* SerialBuffer.swift in Sources */ = {isa = PBXBuildFile; fileRef = 9D5BD5C21C348CF400EAB58B /* SerialBuffer.swift */; };
		9D5BD5CC1C348CF400EAB58B /* SerialPacketDescriptor.swift in Sources */ = {isa = PBXBuildFile; fileRef = 9D5BD5C31C348CF400EAB58B /* SerialPacketDescriptor.swift */; };
		9D5BD5CD1C348CF400EAB58B /* SerialPort.swift in Sources */ = {isa = PBXBuildFile; fileRef = 9D5BD5C41C348CF400EAB58B /* SerialPort.swift */; };
		9D5BD5CE1C348CF400EAB58B /* SerialPortManager.swift in Sources */ = {isa = PBXBuildFile; fileRef = 9D5BD5C51C348CF400EAB58B /* SerialPortManager.swift */; };
		9D5BD5CF1C348CF400EAB58B /* SerialRequest.swift in Sources */ = {isa = PBXBuildFile; fileRef = 9D5BD5C61C348CF400EAB58B /* SerialRequest.swift */; };
		9D5BD5D01C348CF400EAB58B /* Termios.swift in Sources */ = {isa = PBXBuildFile; fileRef = 9D5BD5C71C348CF400EAB58B /* Termios.swift */; };
/* End PBXBuildFile section */

/* Begin PBXCopyFilesBuildPhase section */
		9D2B57F91ADC165D00B08D53 /* CopyFiles */ = {
			isa = PBXCopyFilesBuildPhase;
			buildActionMask = 2147483647;
			dstPath = /usr/share/man/man1/;
			dstSubfolderSpec = 0;
			files = (
			);
			runOnlyForDeploymentPostprocessing = 1;
		};
/* End PBXCopyFilesBuildPhase section */

/* Begin PBXFileReference section */
		9D2B57FB1ADC165D00B08D53 /* CommandLineDemo */ = {isa = PBXFileReference; explicitFileType = "compiled.mach-o.executable"; includeInIndex = 0; path = CommandLineDemo; sourceTree = BUILT_PRODUCTS_DIR; };
		9D2B58061ADC16B500B08D53 /* main.swift */ = {isa = PBXFileReference; fileEncoding = 4; lastKnownFileType = sourcecode.swift; path = main.swift; sourceTree = "<group>"; };
		9D2B580F1ADC170C00B08D53 /* CommandLineDemo-Bridging-Header.h */ = {isa = PBXFileReference; lastKnownFileType = sourcecode.c.h; path = "CommandLineDemo-Bridging-Header.h"; sourceTree = "<group>"; };
		9D5BD5BE1C348CF400EAB58B /* InternalSerialPort.swift */ = {isa = PBXFileReference; fileEncoding = 4; lastKnownFileType = sourcecode.swift; name = InternalSerialPort.swift; path = ../../../../Source/InternalSerialPort.swift; sourceTree = "<group>"; };
		9D5BD5BF1C348CF400EAB58B /* MacPlatformSupport.swift */ = {isa = PBXFileReference; fileEncoding = 4; lastKnownFileType = sourcecode.swift; name = MacPlatformSupport.swift; path = ../../../../Source/MacPlatformSupport.swift; sourceTree = "<group>"; };
		9D5BD5C01C348CF400EAB58B /* ORSIOKitWrappers.c */ = {isa = PBXFileReference; fileEncoding = 4; lastKnownFileType = sourcecode.c.c; name = ORSIOKitWrappers.c; path = ../../../../Source/ORSIOKitWrappers.c; sourceTree = "<group>"; };
		9D5BD5C11C348CF400EAB58B /* ORSIOKitWrappers.h */ = {isa = PBXFileReference; fileEncoding = 4; lastKnownFileType = sourcecode.c.h; name = ORSIOKitWrappers.h; path = ../../../../Source/ORSIOKitWrappers.h; sourceTree = "<group>"; };
		9D5BD5C21C348CF400EAB58B /* SerialBuffer.swift */ = {isa = PBXFileReference; fileEncoding = 4; lastKnownFileType = sourcecode.swift; name = SerialBuffer.swift; path = ../../../../Source/SerialBuffer.swift; sourceTree = "<group>"; };
		9D5BD5C31C348CF400EAB58B /* SerialPacketDescriptor.swift */ = {isa = PBXFileReference; fileEncoding = 4; lastKnownFileType = sourcecode.swift; name = SerialPacketDescriptor.swift; path = ../../../../Source/SerialPacketDescriptor.swift; sourceTree = "<group>"; };
		9D5BD5C41C348CF400EAB58B /* SerialPort.swift */ = {isa = PBXFileReference; fileEncoding = 4; lastKnownFileType = sourcecode.swift; name = SerialPort.swift; path = ../../../../Source/SerialPort.swift; sourceTree = "<group>"; };
		9D5BD5C51C348CF400EAB58B /* SerialPortManager.swift */ = {isa = PBXFileReference; fileEncoding = 4; lastKnownFileType = sourcecode.swift; name = SerialPortManager.swift; path = ../../../../Source/SerialPortManager.swift; sourceTree = "<group>"; };
		9D5BD5C61C348CF400EAB58B /* SerialRequest.swift */ = {isa = PBXFileReference; fileEncoding = 4; lastKnownFileType = sourcecode.swift; name = SerialRequest.swift; path = ../../../../Source/SerialRequest.swift; sourceTree = "<group>"; };
		9D5BD5C71C348CF400EAB58B /* Termios.swift */ = {isa = PBXFileReference; fileEncoding = 4; lastKnownFileType = sourcecode.swift; name = Termios.swift; path = ../../../../Source/Termios.swift; sourceTree = "<group>"; };
/* End PBXFileReference section */

/* Begin PBXFrameworksBuildPhase section */
		9D2B57F81ADC165D00B08D53 /* Frameworks */ = {
			isa = PBXFrameworksBuildPhase;
			buildActionMask = 2147483647;
			files = (
			);
			runOnlyForDeploymentPostprocessing = 0;
		};
/* End PBXFrameworksBuildPhase section */

/* Begin PBXGroup section */
		9D2B57F21ADC165D00B08D53 = {
			isa = PBXGroup;
			children = (
				9D2B58051ADC16B500B08D53 /* Sources */,
				9D2B57FC1ADC165D00B08D53 /* Products */,
			);
			sourceTree = "<group>";
		};
		9D2B57FC1ADC165D00B08D53 /* Products */ = {
			isa = PBXGroup;
			children = (
				9D2B57FB1ADC165D00B08D53 /* CommandLineDemo */,
			);
			name = Products;
			sourceTree = "<group>";
		};
		9D2B58051ADC16B500B08D53 /* Sources */ = {
			isa = PBXGroup;
			children = (
				9D2B58061ADC16B500B08D53 /* main.swift */,
				9D2B580F1ADC170C00B08D53 /* CommandLineDemo-Bridging-Header.h */,
				9D2B58161ADC171100B08D53 /* ORSSerialPort */,
			);
			path = Sources;
			sourceTree = "<group>";
		};
		9D2B58161ADC171100B08D53 /* ORSSerialPort */ = {
			isa = PBXGroup;
			children = (
				9D5BD5BE1C348CF400EAB58B /* InternalSerialPort.swift */,
				9D5BD5BF1C348CF400EAB58B /* MacPlatformSupport.swift */,
				9D5BD5C01C348CF400EAB58B /* ORSIOKitWrappers.c */,
				9D5BD5C11C348CF400EAB58B /* ORSIOKitWrappers.h */,
				9D5BD5C21C348CF400EAB58B /* SerialBuffer.swift */,
				9D5BD5C31C348CF400EAB58B /* SerialPacketDescriptor.swift */,
				9D5BD5C41C348CF400EAB58B /* SerialPort.swift */,
				9D5BD5C51C348CF400EAB58B /* SerialPortManager.swift */,
				9D5BD5C61C348CF400EAB58B /* SerialRequest.swift */,
				9D5BD5C71C348CF400EAB58B /* Termios.swift */,
			);
			name = ORSSerialPort;
			sourceTree = "<group>";
		};
/* End PBXGroup section */

/* Begin PBXNativeTarget section */
		9D2B57FA1ADC165D00B08D53 /* CommandLineDemo */ = {
			isa = PBXNativeTarget;
			buildConfigurationList = 9D2B58021ADC165D00B08D53 /* Build configuration list for PBXNativeTarget "CommandLineDemo" */;
			buildPhases = (
				9D2B57F71ADC165D00B08D53 /* Sources */,
				9D2B57F81ADC165D00B08D53 /* Frameworks */,
				9D2B57F91ADC165D00B08D53 /* CopyFiles */,
			);
			buildRules = (
			);
			dependencies = (
			);
			name = CommandLineDemo;
			productName = CommandLineDemo;
			productReference = 9D2B57FB1ADC165D00B08D53 /* CommandLineDemo */;
			productType = "com.apple.product-type.tool";
		};
/* End PBXNativeTarget section */

/* Begin PBXProject section */
		9D2B57F31ADC165D00B08D53 /* Project object */ = {
			isa = PBXProject;
			attributes = {
				LastSwiftMigration = 0700;
				LastSwiftUpdateCheck = 0700;
				LastUpgradeCheck = 0720;
				ORGANIZATIONNAME = "Open Reel Software";
				TargetAttributes = {
					9D2B57FA1ADC165D00B08D53 = {
						CreatedOnToolsVersion = 6.3;
					};
				};
			};
			buildConfigurationList = 9D2B57F61ADC165D00B08D53 /* Build configuration list for PBXProject "CommandLineDemo" */;
			compatibilityVersion = "Xcode 3.2";
			developmentRegion = English;
			hasScannedForEncodings = 0;
			knownRegions = (
				en,
			);
			mainGroup = 9D2B57F21ADC165D00B08D53;
			productRefGroup = 9D2B57FC1ADC165D00B08D53 /* Products */;
			projectDirPath = "";
			projectRoot = "";
			targets = (
				9D2B57FA1ADC165D00B08D53 /* CommandLineDemo */,
			);
		};
/* End PBXProject section */

/* Begin PBXSourcesBuildPhase section */
		9D2B57F71ADC165D00B08D53 /* Sources */ = {
			isa = PBXSourcesBuildPhase;
			buildActionMask = 2147483647;
			files = (
				9D5BD5CC1C348CF400EAB58B /* SerialPacketDescriptor.swift in Sources */,
				9D2B58071ADC16B500B08D53 /* main.swift in Sources */,
				9D5BD5CE1C348CF400EAB58B /* SerialPortManager.swift in Sources */,
				9D5BD5D01C348CF400EAB58B /* Termios.swift in Sources */,
				9D5BD5CD1C348CF400EAB58B /* SerialPort.swift in Sources */,
				9D5BD5C91C348CF400EAB58B /* MacPlatformSupport.swift in Sources */,
				9D5BD5C81C348CF400EAB58B /* InternalSerialPort.swift in Sources */,
				9D5BD5CA1C348CF400EAB58B /* ORSIOKitWrappers.c in Sources */,
				9D5BD5CF1C348CF400EAB58B /* SerialRequest.swift in Sources */,
				9D5BD5CB1C348CF400EAB58B /* SerialBuffer.swift in Sources */,
			);
			runOnlyForDeploymentPostprocessing = 0;
		};
/* End PBXSourcesBuildPhase section */

/* Begin XCBuildConfiguration section */
		9D2B58001ADC165D00B08D53 /* Debug */ = {
			isa = XCBuildConfiguration;
			buildSettings = {
				ALWAYS_SEARCH_USER_PATHS = NO;
				CLANG_CXX_LANGUAGE_STANDARD = "gnu++0x";
				CLANG_CXX_LIBRARY = "libc++";
				CLANG_ENABLE_MODULES = YES;
				CLANG_ENABLE_OBJC_ARC = YES;
				CLANG_WARN_BOOL_CONVERSION = YES;
				CLANG_WARN_CONSTANT_CONVERSION = YES;
				CLANG_WARN_DIRECT_OBJC_ISA_USAGE = YES_ERROR;
				CLANG_WARN_EMPTY_BODY = YES;
				CLANG_WARN_ENUM_CONVERSION = YES;
				CLANG_WARN_INT_CONVERSION = YES;
				CLANG_WARN_OBJC_ROOT_CLASS = YES_ERROR;
				CLANG_WARN_UNREACHABLE_CODE = YES;
				CLANG_WARN__DUPLICATE_METHOD_MATCH = YES;
				COPY_PHASE_STRIP = NO;
				DEBUG_INFORMATION_FORMAT = dwarf;
				ENABLE_STRICT_OBJC_MSGSEND = YES;
				ENABLE_TESTABILITY = YES;
				GCC_C_LANGUAGE_STANDARD = gnu99;
				GCC_DYNAMIC_NO_PIC = NO;
				GCC_NO_COMMON_BLOCKS = YES;
				GCC_OPTIMIZATION_LEVEL = 0;
				GCC_PREPROCESSOR_DEFINITIONS = (
					"DEBUG=1",
					"$(inherited)",
				);
				GCC_SYMBOLS_PRIVATE_EXTERN = NO;
				GCC_WARN_64_TO_32_BIT_CONVERSION = YES;
				GCC_WARN_ABOUT_RETURN_TYPE = YES_ERROR;
				GCC_WARN_UNDECLARED_SELECTOR = YES;
				GCC_WARN_UNINITIALIZED_AUTOS = YES_AGGRESSIVE;
				GCC_WARN_UNUSED_FUNCTION = YES;
				GCC_WARN_UNUSED_VARIABLE = YES;
				MACOSX_DEPLOYMENT_TARGET = 10.9;
				MTL_ENABLE_DEBUG_INFO = YES;
				ONLY_ACTIVE_ARCH = YES;
				SDKROOT = macosx;
				SWIFT_OPTIMIZATION_LEVEL = "-Onone";
			};
			name = Debug;
		};
		9D2B58011ADC165D00B08D53 /* Release */ = {
			isa = XCBuildConfiguration;
			buildSettings = {
				ALWAYS_SEARCH_USER_PATHS = NO;
				CLANG_CXX_LANGUAGE_STANDARD = "gnu++0x";
				CLANG_CXX_LIBRARY = "libc++";
				CLANG_ENABLE_MODULES = YES;
				CLANG_ENABLE_OBJC_ARC = YES;
				CLANG_WARN_BOOL_CONVERSION = YES;
				CLANG_WARN_CONSTANT_CONVERSION = YES;
				CLANG_WARN_DIRECT_OBJC_ISA_USAGE = YES_ERROR;
				CLANG_WARN_EMPTY_BODY = YES;
				CLANG_WARN_ENUM_CONVERSION = YES;
				CLANG_WARN_INT_CONVERSION = YES;
				CLANG_WARN_OBJC_ROOT_CLASS = YES_ERROR;
				CLANG_WARN_UNREACHABLE_CODE = YES;
				CLANG_WARN__DUPLICATE_METHOD_MATCH = YES;
				COPY_PHASE_STRIP = NO;
				DEBUG_INFORMATION_FORMAT = "dwarf-with-dsym";
				ENABLE_NS_ASSERTIONS = NO;
				ENABLE_STRICT_OBJC_MSGSEND = YES;
				GCC_C_LANGUAGE_STANDARD = gnu99;
				GCC_NO_COMMON_BLOCKS = YES;
				GCC_WARN_64_TO_32_BIT_CONVERSION = YES;
				GCC_WARN_ABOUT_RETURN_TYPE = YES_ERROR;
				GCC_WARN_UNDECLARED_SELECTOR = YES;
				GCC_WARN_UNINITIALIZED_AUTOS = YES_AGGRESSIVE;
				GCC_WARN_UNUSED_FUNCTION = YES;
				GCC_WARN_UNUSED_VARIABLE = YES;
				MACOSX_DEPLOYMENT_TARGET = 10.9;
				MTL_ENABLE_DEBUG_INFO = NO;
				SDKROOT = macosx;
			};
			name = Release;
		};
		9D2B58031ADC165D00B08D53 /* Debug */ = {
			isa = XCBuildConfiguration;
			buildSettings = {
				CLANG_ENABLE_MODULES = YES;
				LD_RUNPATH_SEARCH_PATHS = "$(inherited) @executable_path/../Frameworks @loader_path/../Frameworks";
				PRODUCT_NAME = "$(TARGET_NAME)";
				SWIFT_OBJC_BRIDGING_HEADER = "Sources/CommandLineDemo-Bridging-Header.h";
				SWIFT_OPTIMIZATION_LEVEL = "-Onone";
			};
			name = Debug;
		};
		9D2B58041ADC165D00B08D53 /* Release */ = {
			isa = XCBuildConfiguration;
			buildSettings = {
				CLANG_ENABLE_MODULES = YES;
				LD_RUNPATH_SEARCH_PATHS = "$(inherited) @executable_path/../Frameworks @loader_path/../Frameworks";
				PRODUCT_NAME = "$(TARGET_NAME)";
				SWIFT_OBJC_BRIDGING_HEADER = "Sources/CommandLineDemo-Bridging-Header.h";
			};
			name = Release;
		};
/* End XCBuildConfiguration section */

/* Begin XCConfigurationList section */
		9D2B57F61ADC165D00B08D53 /* Build configuration list for PBXProject "CommandLineDemo" */ = {
			isa = XCConfigurationList;
			buildConfigurations = (
				9D2B58001ADC165D00B08D53 /* Debug */,
				9D2B58011ADC165D00B08D53 /* Release */,
			);
			defaultConfigurationIsVisible = 0;
			defaultConfigurationName = Release;
		};
		9D2B58021ADC165D00B08D53 /* Build configuration list for PBXNativeTarget "CommandLineDemo" */ = {
			isa = XCConfigurationList;
			buildConfigurations = (
				9D2B58031ADC165D00B08D53 /* Debug */,
				9D2B58041ADC165D00B08D53 /* Release */,
			);
			defaultConfigurationIsVisible = 0;
			defaultConfigurationName = Release;
		};
/* End XCConfigurationList section */
	};
	rootObject = 9D2B57F31ADC165D00B08D53 /* Project object */;
}
